// !$*UTF8*$!
{
	archiveVersion = 1;
	classes = {
	};
	objectVersion = 50;
	objects = {

/* Begin PBXBuildFile section */
		9BDB53BE2165ABFA00B5AD61 /* APIGameIOS.framework in Frameworks */ = {isa = PBXBuildFile; fileRef = 9BDB53B42165ABFA00B5AD61 /* APIGameIOS.framework */; };
		9BDB53C32165ABFA00B5AD61 /* APIGameIOSTests.swift in Sources */ = {isa = PBXBuildFile; fileRef = 9BDB53C22165ABFA00B5AD61 /* APIGameIOSTests.swift */; };
		9BDB53C52165ABFA00B5AD61 /* APIGameIOS.h in Headers */ = {isa = PBXBuildFile; fileRef = 9BDB53B72165ABFA00B5AD61 /* APIGameIOS.h */; settings = {ATTRIBUTES = (Public, ); }; };
		9BDB53D12165B11100B5AD61 /* Game.swift in Sources */ = {isa = PBXBuildFile; fileRef = 9BDB53D02165B11100B5AD61 /* Game.swift */; };
		9BDB53D22165B11100B5AD61 /* Game.swift in Sources */ = {isa = PBXBuildFile; fileRef = 9BDB53D02165B11100B5AD61 /* Game.swift */; };
		9BDB53DB2165FA1900B5AD61 /* MainSceneView.swift in Sources */ = {isa = PBXBuildFile; fileRef = 9BDB53DA2165FA1900B5AD61 /* MainSceneView.swift */; };
		9BDB53DC2165FA1900B5AD61 /* MainSceneView.swift in Sources */ = {isa = PBXBuildFile; fileRef = 9BDB53DA2165FA1900B5AD61 /* MainSceneView.swift */; };
/* End PBXBuildFile section */

/* Begin PBXContainerItemProxy section */
		9BDB53BF2165ABFA00B5AD61 /* PBXContainerItemProxy */ = {
			isa = PBXContainerItemProxy;
			containerPortal = 9BDB53AB2165ABFA00B5AD61 /* Project object */;
			proxyType = 1;
			remoteGlobalIDString = 9BDB53B32165ABFA00B5AD61;
			remoteInfo = APIGameIOS;
		};
/* End PBXContainerItemProxy section */

/* Begin PBXFileReference section */
		9BDB53B42165ABFA00B5AD61 /* APIGameIOS.framework */ = {isa = PBXFileReference; explicitFileType = wrapper.framework; includeInIndex = 0; path = APIGameIOS.framework; sourceTree = BUILT_PRODUCTS_DIR; };
		9BDB53B72165ABFA00B5AD61 /* APIGameIOS.h */ = {isa = PBXFileReference; lastKnownFileType = sourcecode.c.h; path = APIGameIOS.h; sourceTree = "<group>"; };
		9BDB53B82165ABFA00B5AD61 /* Info.plist */ = {isa = PBXFileReference; lastKnownFileType = text.plist.xml; path = Info.plist; sourceTree = "<group>"; };
		9BDB53BD2165ABFA00B5AD61 /* APIGameIOSTests.xctest */ = {isa = PBXFileReference; explicitFileType = wrapper.cfbundle; includeInIndex = 0; path = APIGameIOSTests.xctest; sourceTree = BUILT_PRODUCTS_DIR; };
		9BDB53C22165ABFA00B5AD61 /* APIGameIOSTests.swift */ = {isa = PBXFileReference; lastKnownFileType = sourcecode.swift; path = APIGameIOSTests.swift; sourceTree = "<group>"; };
		9BDB53C42165ABFA00B5AD61 /* Info.plist */ = {isa = PBXFileReference; lastKnownFileType = text.plist.xml; path = Info.plist; sourceTree = "<group>"; };
		9BDB53D02165B11100B5AD61 /* Game.swift */ = {isa = PBXFileReference; lastKnownFileType = sourcecode.swift; path = Game.swift; sourceTree = "<group>"; };
		9BDB53DA2165FA1900B5AD61 /* MainSceneView.swift */ = {isa = PBXFileReference; lastKnownFileType = sourcecode.swift; path = MainSceneView.swift; sourceTree = "<group>"; };
/* End PBXFileReference section */

/* Begin PBXFrameworksBuildPhase section */
		9BDB53B12165ABFA00B5AD61 /* Frameworks */ = {
			isa = PBXFrameworksBuildPhase;
			buildActionMask = 2147483647;
			files = (
			);
			runOnlyForDeploymentPostprocessing = 0;
		};
		9BDB53BA2165ABFA00B5AD61 /* Frameworks */ = {
			isa = PBXFrameworksBuildPhase;
			buildActionMask = 2147483647;
			files = (
				9BDB53BE2165ABFA00B5AD61 /* APIGameIOS.framework in Frameworks */,
			);
			runOnlyForDeploymentPostprocessing = 0;
		};
/* End PBXFrameworksBuildPhase section */

/* Begin PBXGroup section */
		9BDB53AA2165ABFA00B5AD61 = {
			isa = PBXGroup;
			children = (
				9BDB53B62165ABFA00B5AD61 /* APIGameIOS */,
				9BDB53C12165ABFA00B5AD61 /* APIGameIOSTests */,
				9BDB53B52165ABFA00B5AD61 /* Products */,
			);
			sourceTree = "<group>";
		};
		9BDB53B52165ABFA00B5AD61 /* Products */ = {
			isa = PBXGroup;
			children = (
				9BDB53B42165ABFA00B5AD61 /* APIGameIOS.framework */,
				9BDB53BD2165ABFA00B5AD61 /* APIGameIOSTests.xctest */,
			);
			name = Products;
			sourceTree = "<group>";
		};
		9BDB53B62165ABFA00B5AD61 /* APIGameIOS */ = {
			isa = PBXGroup;
			children = (
				9BDB53D52165DD5800B5AD61 /* GameView */,
				9BDB53B72165ABFA00B5AD61 /* APIGameIOS.h */,
				9BDB53B82165ABFA00B5AD61 /* Info.plist */,
				9BDB53D02165B11100B5AD61 /* Game.swift */,
			);
			path = APIGameIOS;
			sourceTree = "<group>";
		};
		9BDB53C12165ABFA00B5AD61 /* APIGameIOSTests */ = {
			isa = PBXGroup;
			children = (
				9BDB53C22165ABFA00B5AD61 /* APIGameIOSTests.swift */,
				9BDB53C42165ABFA00B5AD61 /* Info.plist */,
			);
			path = APIGameIOSTests;
			sourceTree = "<group>";
		};
		9BDB53D52165DD5800B5AD61 /* GameView */ = {
			isa = PBXGroup;
			children = (
				9BDB53DA2165FA1900B5AD61 /* MainSceneView.swift */,
			);
			path = GameView;
			sourceTree = "<group>";
		};
/* End PBXGroup section */

/* Begin PBXHeadersBuildPhase section */
		9BDB53AF2165ABFA00B5AD61 /* Headers */ = {
			isa = PBXHeadersBuildPhase;
			buildActionMask = 2147483647;
			files = (
				9BDB53C52165ABFA00B5AD61 /* APIGameIOS.h in Headers */,
			);
			runOnlyForDeploymentPostprocessing = 0;
		};
/* End PBXHeadersBuildPhase section */

/* Begin PBXNativeTarget section */
		9BDB53B32165ABFA00B5AD61 /* APIGameIOS */ = {
			isa = PBXNativeTarget;
			buildConfigurationList = 9BDB53C82165ABFA00B5AD61 /* Build configuration list for PBXNativeTarget "APIGameIOS" */;
			buildPhases = (
				9BDB53AF2165ABFA00B5AD61 /* Headers */,
				9BDB53B02165ABFA00B5AD61 /* Sources */,
				9BDB53B12165ABFA00B5AD61 /* Frameworks */,
				9BDB53B22165ABFA00B5AD61 /* Resources */,
			);
			buildRules = (
			);
			dependencies = (
			);
			name = APIGameIOS;
			productName = APIGameIOS;
			productReference = 9BDB53B42165ABFA00B5AD61 /* APIGameIOS.framework */;
			productType = "com.apple.product-type.framework";
		};
		9BDB53BC2165ABFA00B5AD61 /* APIGameIOSTests */ = {
			isa = PBXNativeTarget;
			buildConfigurationList = 9BDB53CB2165ABFA00B5AD61 /* Build configuration list for PBXNativeTarget "APIGameIOSTests" */;
			buildPhases = (
				9BDB53B92165ABFA00B5AD61 /* Sources */,
				9BDB53BA2165ABFA00B5AD61 /* Frameworks */,
				9BDB53BB2165ABFA00B5AD61 /* Resources */,
			);
			buildRules = (
			);
			dependencies = (
				9BDB53C02165ABFA00B5AD61 /* PBXTargetDependency */,
			);
			name = APIGameIOSTests;
			productName = APIGameIOSTests;
			productReference = 9BDB53BD2165ABFA00B5AD61 /* APIGameIOSTests.xctest */;
			productType = "com.apple.product-type.bundle.unit-test";
		};
/* End PBXNativeTarget section */

/* Begin PBXProject section */
		9BDB53AB2165ABFA00B5AD61 /* Project object */ = {
			isa = PBXProject;
			attributes = {
				LastSwiftUpdateCheck = 1000;
				LastUpgradeCheck = 1000;
				ORGANIZATIONNAME = FlowerGeoji;
				TargetAttributes = {
					9BDB53B32165ABFA00B5AD61 = {
						CreatedOnToolsVersion = 10.0;
						LastSwiftMigration = 1000;
					};
					9BDB53BC2165ABFA00B5AD61 = {
						CreatedOnToolsVersion = 10.0;
					};
				};
			};
			buildConfigurationList = 9BDB53AE2165ABFA00B5AD61 /* Build configuration list for PBXProject "APIGameIOS" */;
			compatibilityVersion = "Xcode 9.3";
			developmentRegion = en;
			hasScannedForEncodings = 0;
			knownRegions = (
				en,
			);
			mainGroup = 9BDB53AA2165ABFA00B5AD61;
			productRefGroup = 9BDB53B52165ABFA00B5AD61 /* Products */;
			projectDirPath = "";
			projectRoot = "";
			targets = (
				9BDB53B32165ABFA00B5AD61 /* APIGameIOS */,
				9BDB53BC2165ABFA00B5AD61 /* APIGameIOSTests */,
			);
		};
/* End PBXProject section */

/* Begin PBXResourcesBuildPhase section */
		9BDB53B22165ABFA00B5AD61 /* Resources */ = {
			isa = PBXResourcesBuildPhase;
			buildActionMask = 2147483647;
			files = (
			);
			runOnlyForDeploymentPostprocessing = 0;
		};
		9BDB53BB2165ABFA00B5AD61 /* Resources */ = {
			isa = PBXResourcesBuildPhase;
			buildActionMask = 2147483647;
			files = (
			);
			runOnlyForDeploymentPostprocessing = 0;
		};
/* End PBXResourcesBuildPhase section */

/* Begin PBXSourcesBuildPhase section */
		9BDB53B02165ABFA00B5AD61 /* Sources */ = {
			isa = PBXSourcesBuildPhase;
			buildActionMask = 2147483647;
			files = (
				9BDB53D12165B11100B5AD61 /* Game.swift in Sources */,
				9BDB53DB2165FA1900B5AD61 /* MainSceneView.swift in Sources */,
			);
			runOnlyForDeploymentPostprocessing = 0;
		};
		9BDB53B92165ABFA00B5AD61 /* Sources */ = {
			isa = PBXSourcesBuildPhase;
			buildActionMask = 2147483647;
			files = (
				9BDB53DC2165FA1900B5AD61 /* MainSceneView.swift in Sources */,
				9BDB53C32165ABFA00B5AD61 /* APIGameIOSTests.swift in Sources */,
				9BDB53D22165B11100B5AD61 /* Game.swift in Sources */,
			);
			runOnlyForDeploymentPostprocessing = 0;
		};
/* End PBXSourcesBuildPhase section */

/* Begin PBXTargetDependency section */
		9BDB53C02165ABFA00B5AD61 /* PBXTargetDependency */ = {
			isa = PBXTargetDependency;
			target = 9BDB53B32165ABFA00B5AD61 /* APIGameIOS */;
			targetProxy = 9BDB53BF2165ABFA00B5AD61 /* PBXContainerItemProxy */;
		};
/* End PBXTargetDependency section */

/* Begin XCBuildConfiguration section */
		9BDB53C62165ABFA00B5AD61 /* Debug */ = {
			isa = XCBuildConfiguration;
			buildSettings = {
				ALWAYS_SEARCH_USER_PATHS = NO;
				CLANG_ANALYZER_NONNULL = YES;
				CLANG_ANALYZER_NUMBER_OBJECT_CONVERSION = YES_AGGRESSIVE;
				CLANG_CXX_LANGUAGE_STANDARD = "gnu++14";
				CLANG_CXX_LIBRARY = "libc++";
				CLANG_ENABLE_MODULES = YES;
				CLANG_ENABLE_OBJC_ARC = YES;
				CLANG_ENABLE_OBJC_WEAK = YES;
				CLANG_WARN_BLOCK_CAPTURE_AUTORELEASING = YES;
				CLANG_WARN_BOOL_CONVERSION = YES;
				CLANG_WARN_COMMA = YES;
				CLANG_WARN_CONSTANT_CONVERSION = YES;
				CLANG_WARN_DEPRECATED_OBJC_IMPLEMENTATIONS = YES;
				CLANG_WARN_DIRECT_OBJC_ISA_USAGE = YES_ERROR;
				CLANG_WARN_DOCUMENTATION_COMMENTS = YES;
				CLANG_WARN_EMPTY_BODY = YES;
				CLANG_WARN_ENUM_CONVERSION = YES;
				CLANG_WARN_INFINITE_RECURSION = YES;
				CLANG_WARN_INT_CONVERSION = YES;
				CLANG_WARN_NON_LITERAL_NULL_CONVERSION = YES;
				CLANG_WARN_OBJC_IMPLICIT_RETAIN_SELF = YES;
				CLANG_WARN_OBJC_LITERAL_CONVERSION = YES;
				CLANG_WARN_OBJC_ROOT_CLASS = YES_ERROR;
				CLANG_WARN_RANGE_LOOP_ANALYSIS = YES;
				CLANG_WARN_STRICT_PROTOTYPES = YES;
				CLANG_WARN_SUSPICIOUS_MOVE = YES;
				CLANG_WARN_UNGUARDED_AVAILABILITY = YES_AGGRESSIVE;
				CLANG_WARN_UNREACHABLE_CODE = YES;
				CLANG_WARN__DUPLICATE_METHOD_MATCH = YES;
				CODE_SIGN_IDENTITY = "iPhone Developer";
				COPY_PHASE_STRIP = NO;
				CURRENT_PROJECT_VERSION = 1;
				DEBUG_INFORMATION_FORMAT = dwarf;
				ENABLE_STRICT_OBJC_MSGSEND = YES;
				ENABLE_TESTABILITY = YES;
				GCC_C_LANGUAGE_STANDARD = gnu11;
				GCC_DYNAMIC_NO_PIC = NO;
				GCC_NO_COMMON_BLOCKS = YES;
				GCC_OPTIMIZATION_LEVEL = 0;
				GCC_PREPROCESSOR_DEFINITIONS = (
					"DEBUG=1",
					"$(inherited)",
				);
				GCC_WARN_64_TO_32_BIT_CONVERSION = YES;
				GCC_WARN_ABOUT_RETURN_TYPE = YES_ERROR;
				GCC_WARN_UNDECLARED_SELECTOR = YES;
				GCC_WARN_UNINITIALIZED_AUTOS = YES_AGGRESSIVE;
				GCC_WARN_UNUSED_FUNCTION = YES;
				GCC_WARN_UNUSED_VARIABLE = YES;
				IPHONEOS_DEPLOYMENT_TARGET = 12.0;
				MTL_ENABLE_DEBUG_INFO = INCLUDE_SOURCE;
				MTL_FAST_MATH = YES;
				ONLY_ACTIVE_ARCH = YES;
				SDKROOT = iphoneos;
				SWIFT_ACTIVE_COMPILATION_CONDITIONS = DEBUG;
				SWIFT_OPTIMIZATION_LEVEL = "-Onone";
				VERSIONING_SYSTEM = "apple-generic";
				VERSION_INFO_PREFIX = "";
			};
			name = Debug;
		};
		9BDB53C72165ABFA00B5AD61 /* Release */ = {
			isa = XCBuildConfiguration;
			buildSettings = {
				ALWAYS_SEARCH_USER_PATHS = NO;
				CLANG_ANALYZER_NONNULL = YES;
				CLANG_ANALYZER_NUMBER_OBJECT_CONVERSION = YES_AGGRESSIVE;
				CLANG_CXX_LANGUAGE_STANDARD = "gnu++14";
				CLANG_CXX_LIBRARY = "libc++";
				CLANG_ENABLE_MODULES = YES;
				CLANG_ENABLE_OBJC_ARC = YES;
				CLANG_ENABLE_OBJC_WEAK = YES;
				CLANG_WARN_BLOCK_CAPTURE_AUTORELEASING = YES;
				CLANG_WARN_BOOL_CONVERSION = YES;
				CLANG_WARN_COMMA = YES;
				CLANG_WARN_CONSTANT_CONVERSION = YES;
				CLANG_WARN_DEPRECATED_OBJC_IMPLEMENTATIONS = YES;
				CLANG_WARN_DIRECT_OBJC_ISA_USAGE = YES_ERROR;
				CLANG_WARN_DOCUMENTATION_COMMENTS = YES;
				CLANG_WARN_EMPTY_BODY = YES;
				CLANG_WARN_ENUM_CONVERSION = YES;
				CLANG_WARN_INFINITE_RECURSION = YES;
				CLANG_WARN_INT_CONVERSION = YES;
				CLANG_WARN_NON_LITERAL_NULL_CONVERSION = YES;
				CLANG_WARN_OBJC_IMPLICIT_RETAIN_SELF = YES;
				CLANG_WARN_OBJC_LITERAL_CONVERSION = YES;
				CLANG_WARN_OBJC_ROOT_CLASS = YES_ERROR;
				CLANG_WARN_RANGE_LOOP_ANALYSIS = YES;
				CLANG_WARN_STRICT_PROTOTYPES = YES;
				CLANG_WARN_SUSPICIOUS_MOVE = YES;
				CLANG_WARN_UNGUARDED_AVAILABILITY = YES_AGGRESSIVE;
				CLANG_WARN_UNREACHABLE_CODE = YES;
				CLANG_WARN__DUPLICATE_METHOD_MATCH = YES;
				CODE_SIGN_IDENTITY = "iPhone Developer";
				COPY_PHASE_STRIP = NO;
				CURRENT_PROJECT_VERSION = 1;
				DEBUG_INFORMATION_FORMAT = "dwarf-with-dsym";
				ENABLE_NS_ASSERTIONS = NO;
				ENABLE_STRICT_OBJC_MSGSEND = YES;
				GCC_C_LANGUAGE_STANDARD = gnu11;
				GCC_NO_COMMON_BLOCKS = YES;
				GCC_WARN_64_TO_32_BIT_CONVERSION = YES;
				GCC_WARN_ABOUT_RETURN_TYPE = YES_ERROR;
				GCC_WARN_UNDECLARED_SELECTOR = YES;
				GCC_WARN_UNINITIALIZED_AUTOS = YES_AGGRESSIVE;
				GCC_WARN_UNUSED_FUNCTION = YES;
				GCC_WARN_UNUSED_VARIABLE = YES;
				IPHONEOS_DEPLOYMENT_TARGET = 12.0;
				MTL_ENABLE_DEBUG_INFO = NO;
				MTL_FAST_MATH = YES;
				SDKROOT = iphoneos;
				SWIFT_COMPILATION_MODE = wholemodule;
				SWIFT_OPTIMIZATION_LEVEL = "-O";
				VALIDATE_PRODUCT = YES;
				VERSIONING_SYSTEM = "apple-generic";
				VERSION_INFO_PREFIX = "";
			};
			name = Release;
		};
		9BDB53C92165ABFA00B5AD61 /* Debug */ = {
			isa = XCBuildConfiguration;
			buildSettings = {
				CLANG_ENABLE_MODULES = YES;
				CODE_SIGN_IDENTITY = "";
				CODE_SIGN_STYLE = Automatic;
				DEFINES_MODULE = YES;
				DEVELOPMENT_TEAM = YZS73SV2C8;
				DYLIB_COMPATIBILITY_VERSION = 1;
				DYLIB_CURRENT_VERSION = 1;
				DYLIB_INSTALL_NAME_BASE = "@rpath";
				INFOPLIST_FILE = APIGameIOS/Info.plist;
				INSTALL_PATH = "$(LOCAL_LIBRARY_DIR)/Frameworks";
				LD_RUNPATH_SEARCH_PATHS = (
					"$(inherited)",
					"@executable_path/Frameworks",
					"@loader_path/Frameworks",
				);
				PRODUCT_BUNDLE_IDENTIFIER = flower.geoji.APIGameIOS;
				PRODUCT_NAME = "$(TARGET_NAME:c99extidentifier)";
				SKIP_INSTALL = YES;
				SWIFT_OPTIMIZATION_LEVEL = "-Onone";
				SWIFT_VERSION = 4.2;
				TARGETED_DEVICE_FAMILY = "1,2";
			};
			name = Debug;
		};
		9BDB53CA2165ABFA00B5AD61 /* Release */ = {
			isa = XCBuildConfiguration;
			buildSettings = {
				CLANG_ENABLE_MODULES = YES;
				CODE_SIGN_IDENTITY = "";
				CODE_SIGN_STYLE = Automatic;
				DEFINES_MODULE = YES;
				DEVELOPMENT_TEAM = YZS73SV2C8;
				DYLIB_COMPATIBILITY_VERSION = 1;
				DYLIB_CURRENT_VERSION = 1;
				DYLIB_INSTALL_NAME_BASE = "@rpath";
				INFOPLIST_FILE = APIGameIOS/Info.plist;
				INSTALL_PATH = "$(LOCAL_LIBRARY_DIR)/Frameworks";
				LD_RUNPATH_SEARCH_PATHS = (
					"$(inherited)",
					"@executable_path/Frameworks",
					"@loader_path/Frameworks",
				);
				PRODUCT_BUNDLE_IDENTIFIER = flower.geoji.APIGameIOS;
				PRODUCT_NAME = "$(TARGET_NAME:c99extidentifier)";
				SKIP_INSTALL = YES;
				SWIFT_VERSION = 4.2;
				TARGETED_DEVICE_FAMILY = "1,2";
			};
			name = Release;
		};
		9BDB53CC2165ABFA00B5AD61 /* Debug */ = {
			isa = XCBuildConfiguration;
			buildSettings = {
				ALWAYS_EMBED_SWIFT_STANDARD_LIBRARIES = YES;
				CODE_SIGN_STYLE = Automatic;
				DEVELOPMENT_TEAM = YZS73SV2C8;
				INFOPLIST_FILE = APIGameIOSTests/Info.plist;
				LD_RUNPATH_SEARCH_PATHS = (
					"$(inherited)",
					"@executable_path/Frameworks",
					"@loader_path/Frameworks",
				);
				PRODUCT_BUNDLE_IDENTIFIER = flower.geoji.APIGameIOSTests;
				PRODUCT_NAME = "$(TARGET_NAME)";
				SWIFT_VERSION = 4.2;
				TARGETED_DEVICE_FAMILY = "1,2";
			};
			name = Debug;
		};
		9BDB53CD2165ABFA00B5AD61 /* Release */ = {
			isa = XCBuildConfiguration;
			buildSettings = {
				ALWAYS_EMBED_SWIFT_STANDARD_LIBRARIES = YES;
				CODE_SIGN_STYLE = Automatic;
				DEVELOPMENT_TEAM = YZS73SV2C8;
				INFOPLIST_FILE = APIGameIOSTests/Info.plist;
				LD_RUNPATH_SEARCH_PATHS = (
					"$(inherited)",
					"@executable_path/Frameworks",
					"@loader_path/Frameworks",
				);
				PRODUCT_BUNDLE_IDENTIFIER = flower.geoji.APIGameIOSTests;
				PRODUCT_NAME = "$(TARGET_NAME)";
				SWIFT_VERSION = 4.2;
				TARGETED_DEVICE_FAMILY = "1,2";
			};
			name = Release;
		};
/* End XCBuildConfiguration section */

/* Begin XCConfigurationList section */
		9BDB53AE2165ABFA00B5AD61 /* Build configuration list for PBXProject "APIGameIOS" */ = {
			isa = XCConfigurationList;
			buildConfigurations = (
				9BDB53C62165ABFA00B5AD61 /* Debug */,
				9BDB53C72165ABFA00B5AD61 /* Release */,
			);
			defaultConfigurationIsVisible = 0;
			defaultConfigurationName = Release;
		};
		9BDB53C82165ABFA00B5AD61 /* Build configuration list for PBXNativeTarget "APIGameIOS" */ = {
			isa = XCConfigurationList;
			buildConfigurations = (
				9BDB53C92165ABFA00B5AD61 /* Debug */,
				9BDB53CA2165ABFA00B5AD61 /* Release */,
			);
			defaultConfigurationIsVisible = 0;
			defaultConfigurationName = Release;
		};
		9BDB53CB2165ABFA00B5AD61 /* Build configuration list for PBXNativeTarget "APIGameIOSTests" */ = {
			isa = XCConfigurationList;
			buildConfigurations = (
				9BDB53CC2165ABFA00B5AD61 /* Debug */,
				9BDB53CD2165ABFA00B5AD61 /* Release */,
			);
			defaultConfigurationIsVisible = 0;
			defaultConfigurationName = Release;
		};
/* End XCConfigurationList section */
	};
	rootObject = 9BDB53AB2165ABFA00B5AD61 /* Project object */;
}
